{
  "name": "ICT",
  "lockfileVersion": 3,
  "requires": true,
  "packages": {
    "": {
      "dependencies": {
        "preline": "^1.7.0"
      }
    },
    "node_modules/@popperjs/core": {
      "version": "2.11.7",
      "resolved": "https://registry.npmjs.org/@popperjs/core/-/core-2.11.7.tgz",
      "integrity": "sha512-Cr4OjIkipTtcXKjAsm8agyleBuDHvxzeBoa1v543lbv1YaIwQjESsVcmjiWiPEbC1FIeHOG/Op9kdCmAmiS3Kw==",
      "funding": {
        "type": "opencollective",
        "url": "https://opencollective.com/popperjs"
      }
    },
    "node_modules/preline": {
      "version": "1.7.0",
      "resolved": "https://registry.npmjs.org/preline/-/preline-1.7.0.tgz",
      "integrity": "sha512-Zqca6I0Pj5C/yVSCgu3xilwuyNgPUSx1ZgbV5inP9OJmvVqEsOshE7zvo78M927f0vheTFIuinvkfNvAhduq6g==",
      "dependencies": {
        "@popperjs/core": "^2.11.2"
      }
    }
  }
}
